{
  "name": "vc-incident-watch",
  "lockfileVersion": 3,
  "requires": true,
  "packages": {
    "": {
      "name": "vc-incident-watch",
      "dependencies": {
        "@mmmike/web-push": "^0.1.0"
      }
    },
    "node_modules/@mmmike/web-push": {
      "version": "0.1.0",
      "resolved": "https://registry.npmjs.org/@mmmike/web-push/-/web-push-0.1.0.tgz",
      "integrity": "sha512-Laoa95uZso8lTi+jGlfJ3Z11ZAOXvBeTzX1go+UXHVs0AbF4Q7WA8FuYFR1Ca69hY1JWrsfBnstFMOwXf+UVhw==",
      "license": "MIT"
    }
  }
}
